{
  "lockfileVersion": 1,
  "configVersion": 1,
  "workspaces": {
    "": {
      "name": "masters-swim",
      "dependencies": {
        "@supabase/supabase-js": "^2.117.3",
      },
      "devDependencies": {
        "@types/bun": "latest",
        "typescript": "^5",
      },
    },
  },
  "packages": {
    "@supabase/auth-js": ["@supabase/auth-js@2.117.3", "", { "dependencies": { "tslib": "2.8.1" } }, "sha512-XOZV+jllcU2Hzij8SwgM78zl0lOEr6BTjzi2MYkBb39nOAQzb5AelGpMUvVj7lwGSB11JmpAs/FEQroAyFzWEA=="],

    "@supabase/functions-js": ["@supabase/functions-js@2.117.3", "", { "dependencies": { "tslib": "2.8.1" } }, "sha512-6GuizbP4N5xWaxEVUsI+UQpJdmMmn0t3sYNpObo9gCAldvM22gFjnYzRVmkHxp5ylU21azEYmiWVwk9iDgCMkQ=="],

    "@supabase/phoenix": ["@supabase/phoenix@0.4.5", "", {}, "sha512-aAn9H9ovVyeApKy11OWOrrOGq8DV68yWeH4ud2lN9fzn4aO8Zb5GLL9m1pUg9nLqIcT+ZDfAcsZe0E/nqdv2lw=="],

    "@supabase/postgrest-js": ["@supabase/postgrest-js@2.117.3", "", { "dependencies": { "tslib": "2.8.1" } }, "sha512-NpyTgullu6tw11ojYKTdZg9HannZ4mu4FUlhc9V5zDXOVllUJzEmuyLM+WWoYF0BurfrRvarimpm3SR8P0Gzfw=="],

    "@supabase/realtime-js": ["@supabase/realtime-js@2.117.3", "", { "dependencies": { "@supabase/phoenix": "0.4.5", "tslib": "2.8.1" } }, "sha512-4W4ISbreRygNXbhwqxeqyuRul8RPx+SF+Hp2IT8wctebQEHSVCULfKatiRiEhmasfoXvYm2AHV4XFsOxhoousA=="],

    "@supabase/storage-js": ["@supabase/storage-js@2.117.3", "", { "dependencies": { "iceberg-js": "^0.8.1", "tslib": "2.8.1" } }, "sha512-QhUxFC33Crlw6WDeA4hLADdi1PzjI3c4UJs7ivWHHEnU7ulmCWEZSDaRCuIfmsjUwbHYaIfRNFQNsm+IsGYS6w=="],

    "@supabase/supabase-js": ["@supabase/supabase-js@2.117.3", "", { "dependencies": { "@supabase/auth-js": "2.117.3", "@supabase/functions-js": "2.117.3", "@supabase/postgrest-js": "2.117.3", "@supabase/realtime-js": "2.117.3", "@supabase/storage-js": "2.117.3" }, "peerDependencies": { "@opentelemetry/api": ">=1.0.0" }, "optionalPeers": ["@opentelemetry/api"] }, "sha512-K+f8PimXDunPWQ63CKRXaF5pbVPJxmfw5ryAnh0s9S9PkwcuqBjiSpIaqpF7KLDljeYwXIL85ST8QxaO0+XuvA=="],

    "@types/bun": ["@types/bun@1.3.14", "", { "dependencies": { "bun-types": "1.3.14" } }, "sha512-h1hFqFVcvAvD9j9K7ZW7vd82aSA+rTdznZa+5bwvCwqSB1jmmfLcbIWhOLx1/+boy/xmjgCs/OMUL8hRJSmnPw=="],

    "@types/node": ["@types/node@26.1.1", "", { "dependencies": { "undici-types": "~8.3.0" } }, "sha512-nxAkRSVkN1Y0JC1W8ky/fTfkGsMmcrRsbx+3XoZE+rMOX71kLYTV7fLXpqud1GpbpP5TuffXFqfX7fH2GgZREw=="],

    "bun-types": ["bun-types@1.3.14", "", { "dependencies": { "@types/node": "*" } }, "sha512-4N0ig0fEomHt5R0KCFWjovxow98rIoRwKolrYdCcknNwMekCXRnWEUvgu5soYV8QXtVsrUD8B95MBOZGPvr6KQ=="],

    "iceberg-js": ["iceberg-js@0.8.1", "", {}, "sha512-1dhVQZXhcHje7798IVM+xoo/1ZdVfzOMIc8/rgVSijRK38EDqOJoGula9N/8ZI5RD8QTxNQtK/Gozpr+qUqRRA=="],

    "tslib": ["tslib@2.8.1", "", {}, "sha512-oJFu94HQb+KVduSUQL7wnpmqnfmLsOA/nAh6b6EH0wCEoK0/mPeXU6c3wKDV83MkOuHPRHtSXKKU99IBazS/2w=="],

    "typescript": ["typescript@5.9.3", "", { "bin": { "tsc": "bin/tsc", "tsserver": "bin/tsserver" } }, "sha512-jl1vZzPDinLr9eUt3J/t7V6FgNEw9QjvBPdysz9KfQDD41fQrC2Y4vKQdiaUpFT4bXlb1RHhLpp8wtm6M5TgSw=="],

    "undici-types": ["undici-types@8.3.0", "", {}, "sha512-j375ScV60dom+YkPFIfTLcOiPxkN/buHz5GobjLhixFuANaNs3C9l4GmrWqejgXWJ7BbJcFYpTEUkS1Ge8bpZQ=="],
  }
}
